
Microsoft Visual Studio Solution File, Format Version 12.00
# Visual Studio Version 16
VisualStudioVersion = 16.0.29424.173
MinimumVisualStudioVersion = 10.0.40219.1
Project("{9A19103F-16F7-4668-BE54-9A1E7A4F7556}") = "SIS.HTTP", "SIS.HTTP\SIS.HTTP.csproj", "{52B16B18-14E0-4DFC-B579-3E1EEFF2393F}"
EndProject
Project("{9A19103F-16F7-4668-BE54-9A1E7A4F7556}") = "SIS.WebServer", "SIS.WebServer\SIS.WebServer.csproj", "{E7FAB91E-3414-4FAF-A8B1-53501ECF2AD7}"
EndProject
Project("{9A19103F-16F7-4668-BE54-9A1E7A4F7556}") = "Sandbox", "Sandbox\Sandbox.csproj", "{4E02EF43-93B0-4416-B7A7-8B22AE7670DE}"
EndProject
Project("{9A19103F-16F7-4668-BE54-9A1E7A4F7556}") = "SIS.Demo", "SIS.Demo\SIS.Demo.csproj", "{45DD8EF1-8075-4FF1-8D03-D9A007FFE45E}"
EndProject
Global
	GlobalSection(SolutionConfigurationPlatforms) = preSolution
		Debug|Any CPU = Debug|Any CPU
		Release|Any CPU = Release|Any CPU
	EndGlobalSection
	GlobalSection(ProjectConfigurationPlatforms) = postSolution
		{52B16B18-14E0-4DFC-B579-3E1EEFF2393F}.Debug|Any CPU.ActiveCfg = Debug|Any CPU
		{52B16B18-14E0-4DFC-B579-3E1EEFF2393F}.Debug|Any CPU.Build.0 = Debug|Any CPU
		{52B16B18-14E0-4DFC-B579-3E1EEFF2393F}.Release|Any CPU.ActiveCfg = Release|Any CPU
		{52B16B18-14E0-4DFC-B579-3E1EEFF2393F}.Release|Any CPU.Build.0 = Release|Any CPU
		{E7FAB91E-3414-4FAF-A8B1-53501ECF2AD7}.Debug|Any CPU.ActiveCfg = Debug|Any CPU
		{E7FAB91E-3414-4FAF-A8B1-53501ECF2AD7}.Debug|Any CPU.Build.0 = Debug|Any CPU
		{E7FAB91E-3414-4FAF-A8B1-53501ECF2AD7}.Release|Any CPU.ActiveCfg = Release|Any CPU
		{E7FAB91E-3414-4FAF-A8B1-53501ECF2AD7}.Release|Any CPU.Build.0 = Release|Any CPU
		{4E02EF43-93B0-4416-B7A7-8B22AE7670DE}.Debug|Any CPU.ActiveCfg = Debug|Any CPU
		{4E02EF43-93B0-4416-B7A7-8B22AE7670DE}.Debug|Any CPU.Build.0 = Debug|Any CPU
		{4E02EF43-93B0-4416-B7A7-8B22AE7670DE}.Release|Any CPU.ActiveCfg = Release|Any CPU
		{4E02EF43-93B0-4416-B7A7-8B22AE7670DE}.Release|Any CPU.Build.0 = Release|Any CPU
		{45DD8EF1-8075-4FF1-8D03-D9A007FFE45E}.Debug|Any CPU.ActiveCfg = Debug|Any CPU
		{45DD8EF1-8075-4FF1-8D03-D9A007FFE45E}.Debug|Any CPU.Build.0 = Debug|Any CPU
		{45DD8EF1-8075-4FF1-8D03-D9A007FFE45E}.Release|Any CPU.ActiveCfg = Release|Any CPU
		{45DD8EF1-8075-4FF1-8D03-D9A007FFE45E}.Release|Any CPU.Build.0 = Release|Any CPU
	EndGlobalSection
	GlobalSection(SolutionProperties) = preSolution
		HideSolutionNode = FALSE
	EndGlobalSection
	GlobalSection(ExtensibilityGlobals) = postSolution
		SolutionGuid = {CE6BCA62-9EFE-4C5C-9BDD-E6A9D56A49D5}
	EndGlobalSection
EndGlobal
